{
  "requires": true,
  "lockfileVersion": 1,
  "dependencies": {
    "@algolia/cache-browser-local-storage": {
      "version": "4.9.1",
      "resolved": "https://registry.npmjs.org/@algolia/cache-browser-local-storage/-/cache-browser-local-storage-4.9.1.tgz",
      "integrity": "sha512-bAUU9vKCy45uTTlzJw0LYu1IjoZsmzL6lgjaVFaW1crhX/4P+JD5ReQv3n/wpiXSFaHq1WEO3WyH2g3ymzeipQ==",
      "requires": {
        "@algolia/cache-common": "4.9.1"
      }
    },
    "@algolia/cache-common": {
      "version": "4.9.1",
      "resolved": "https://registry.npmjs.org/@algolia/cache-common/-/cache-common-4.9.1.tgz",
      "integrity": "sha512-tcvw4mOfFy44V4ZxDEy9wNGr6vFROZKRpXKTEBgdw/WBn6mX51H1ar4RWtceDEcDU4H5fIv5tsY3ip2hU+fTPg=="
    },
    "@algolia/cache-in-memory": {
      "version": "4.9.1",
      "resolved": "https://registry.npmjs.org/@algolia/cache-in-memory/-/cache-in-memory-4.9.1.tgz",
      "integrity": "sha512-IEJrHonvdymW2CnRfJtsTVWyfAH05xPEFkGXGCw00+6JNCj8Dln3TeaRLiaaY1srlyGedkemekQm1/Xb46CGOQ==",
      "requires": {
        "@algolia/cache-common": "4.9.1"
      }
    },
    "@algolia/client-account": {
      "version": "4.9.1",
      "resolved": "https://registry.npmjs.org/@algolia/client-account/-/client-account-4.9.1.tgz",
      "integrity": "sha512-Shpjeuwb7i2LR5QuWREb6UbEQLGB+Pl/J5+wPgILJDP/uWp7jpl0ase9mYNQGKj7TjztpSpQCPZ3dSHPnzZPfw==",
      "requires": {
        "@algolia/client-common": "4.9.1",
        "@algolia/client-search": "4.9.1",
        "@algolia/transporter": "4.9.1"
      }
    },
    "@algolia/client-analytics": {
      "version": "4.9.1",
      "resolved": "https://registry.npmjs.org/@algolia/client-analytics/-/client-analytics-4.9.1.tgz",
      "integrity": "sha512-/g6OkOSIA+A0t/tjvbL6iG/zV4El4LPFgv/tcAYHTH27BmlNtnEXw+iFpGjeUlQoPily9WVB3QNLMJkaNwL3HA==",
      "requires": {
        "@algolia/client-common": "4.9.1",
        "@algolia/client-search": "4.9.1",
        "@algolia/requester-common": "4.9.1",
        "@algolia/transporter": "4.9.1"
      }
    },
    "@algolia/client-common": {
      "version": "4.9.1",
      "resolved": "https://registry.npmjs.org/@algolia/client-common/-/client-common-4.9.1.tgz",
      "integrity": "sha512-UziRTZ8km3qwoVPIyEre8TV6V+MX7UtbfVqPmSafZ0xu41UUZ+sL56YoKjOXkbKuybeIC9prXMGy/ID5bXkTqg==",
      "requires": {
        "@algolia/requester-common": "4.9.1",
        "@algolia/transporter": "4.9.1"
      }
    },
    "@algolia/client-recommendation": {
      "version": "4.9.1",
      "resolved": "https://registry.npmjs.org/@algolia/client-recommendation/-/client-recommendation-4.9.1.tgz",
      "integrity": "sha512-Drtvvm1PNIOpYf4HFlkPFstFQ3IsN+TRmxur2F7y6Faplb5ybISa8ithu1tmlTdyTf3A78hQUQjgJet6qD2XZw==",
      "requires": {
        "@algolia/client-common": "4.9.1",
        "@algolia/requester-common": "4.9.1",
        "@algolia/transporter": "4.9.1"
      }
    },
    "@algolia/client-search": {
      "version": "4.9.1",
      "resolved": "https://registry.npmjs.org/@algolia/client-search/-/client-search-4.9.1.tgz",
      "integrity": "sha512-r9Cw2r8kJr45iYncFDht6EshARghU265wuY8Q8oHrpFHjAziEYdsUOdNmQKbsSH5J3gLjDPx1EI5DzVd6ivn3w==",
      "requires": {
        "@algolia/client-common": "4.9.1",
        "@algolia/requester-common": "4.9.1",
        "@algolia/transporter": "4.9.1"
      }
    },
    "@algolia/logger-common": {
      "version": "4.9.1",
      "resolved": "https://registry.npmjs.org/@algolia/logger-common/-/logger-common-4.9.1.tgz",
      "integrity": "sha512-9mPrbFlFyPT7or/7PXTiJjyOewWB9QRkZKVXkt5zHAUiUzGxmmdpJIGpPv3YQnDur8lXrXaRI0MHXUuIDMY1ng=="
    },
    "@algolia/logger-console": {
      "version": "4.9.1",
      "resolved": "https://registry.npmjs.org/@algolia/logger-console/-/logger-console-4.9.1.tgz",
      "integrity": "sha512-74VUwjtFjFpjZpi3QoHIPv0kcr3vWUSHX/Vs8PJW3lPsD4CgyhFenQbG9v+ZnyH0JrJwiYTtzfmrVh7IMWZGrQ==",
      "requires": {
        "@algolia/logger-common": "4.9.1"
      }
    },
    "@algolia/requester-browser-xhr": {
      "version": "4.9.1",
      "resolved": "https://registry.npmjs.org/@algolia/requester-browser-xhr/-/requester-browser-xhr-4.9.1.tgz",
      "integrity": "sha512-zc46tk5o0ikOAz3uYiRAMxC2iVKAMFKT7nNZnLB5IzT0uqAh7pz/+D/UvIxP4bKmsllpBSnPcpfQF+OI4Ag/BA==",
      "requires": {
        "@algolia/requester-common": "4.9.1"
      }
    },
    "@algolia/requester-common": {
      "version": "4.9.1",
      "resolved": "https://registry.npmjs.org/@algolia/requester-common/-/requester-common-4.9.1.tgz",
      "integrity": "sha512-9hPgXnlCSbqJqF69M5x5WN3h51Dc+mk/iWNeJSVxExHGvCDfBBZd0v6S15i8q2a9cD1I2RnhMpbnX5BmGtabVA=="
    },
    "@algolia/requester-node-http": {
      "version": "4.9.1",
      "resolved": "https://registry.npmjs.org/@algolia/requester-node-http/-/requester-node-http-4.9.1.tgz",
      "integrity": "sha512-vYNVbSCuyrCSCjHBQJk+tLZtWCjvvDf5tSbRJjyJYMqpnXuIuP7gZm24iHil4NPYBhbBj5NU2ZDAhc/gTn75Ag==",
      "requires": {
        "@algolia/requester-common": "4.9.1"
      }
    },
    "@algolia/transporter": {
      "version": "4.9.1",
      "resolved": "https://registry.npmjs.org/@algolia/transporter/-/transporter-4.9.1.tgz",
      "integrity": "sha512-AbjFfGzX+cAuj7Qyc536OxIQzjFOA5FU2ANGStx8LBH+AKXScwfkx67C05riuaRR5adSCLMSEbVvUscH0nF+6A==",
      "requires": {
        "@algolia/cache-common": "4.9.1",
        "@algolia/logger-common": "4.9.1",
        "@algolia/requester-common": "4.9.1"
      }
    },
    "@types/googlemaps": {
      "version": "3.43.3",
      "resolved": "https://registry.npmjs.org/@types/googlemaps/-/googlemaps-3.43.3.tgz",
      "integrity": "sha512-ZWNoz/O8MPEpiajvj7QiqCY8tTLFNqNZ/a+s+zTV58wFVNAvvqV4bdGfnsjTb5Cs4V6wEsLrX8XRhmnyYJ2Tdg=="
    },
    "abbrev": {
      "version": "1.1.1",
      "resolved": "https://registry.npmjs.org/abbrev/-/abbrev-1.1.1.tgz",
      "integrity": "sha512-nne9/IiQ/hzIhY6pdDnbBtz7DjPTKrY00P/zvPSm5pOFkl6xuGrGnXn/VtTNNfNtAfZ9/1RtehkszU9qcTii0Q=="
    },
    "algolia": {
      "version": "0.0.0",
      "resolved": "https://registry.npmjs.org/algolia/-/algolia-0.0.0.tgz",
      "integrity": "sha1-gqR5JkAjkmvOJJ0l8lY92fr42I4="
    },
    "algoliasearch": {
      "version": "4.9.1",
      "resolved": "https://registry.npmjs.org/algoliasearch/-/algoliasearch-4.9.1.tgz",
      "integrity": "sha512-EeJUYXzBEhZSsL6tXc3hseLBCtlNLa1MZ4mlMK6EeX38yRjY5vgnFcNNml6uUhlOjvheKxgkKRpPWkxgL8Cqkg==",
      "requires": {
        "@algolia/cache-browser-local-storage": "4.9.1",
        "@algolia/cache-common": "4.9.1",
        "@algolia/cache-in-memory": "4.9.1",
        "@algolia/client-account": "4.9.1",
        "@algolia/client-analytics": "4.9.1",
        "@algolia/client-common": "4.9.1",
        "@algolia/client-recommendation": "4.9.1",
        "@algolia/client-search": "4.9.1",
        "@algolia/logger-common": "4.9.1",
        "@algolia/logger-console": "4.9.1",
        "@algolia/requester-browser-xhr": "4.9.1",
        "@algolia/requester-common": "4.9.1",
        "@algolia/requester-node-http": "4.9.1",
        "@algolia/transporter": "4.9.1"
      }
    },
    "algoliasearch-helper": {
      "version": "3.4.4",
      "resolved": "https://registry.npmjs.org/algoliasearch-helper/-/algoliasearch-helper-3.4.4.tgz",
      "integrity": "sha512-OjyVLjykaYKCMxxRMZNiwLp8CS310E0qAeIY2NaublcmLAh8/SL19+zYHp7XCLtMem2ZXwl3ywMiA32O9jszuw==",
      "requires": {
        "events": "^1.1.1"
      }
    },
    "call-bind": {
      "version": "1.0.2",
      "resolved": "https://registry.npmjs.org/call-bind/-/call-bind-1.0.2.tgz",
      "integrity": "sha512-7O+FbCihrB5WGbFYesctwmTKae6rOiIzmz1icreWJ+0aA7LJfuqhEso2T9ncpcFtzMQtzXf2QGGueWJGTYsqrA==",
      "requires": {
        "function-bind": "^1.1.1",
        "get-intrinsic": "^1.0.2"
      }
    },
    "classnames": {
      "version": "2.3.1",
      "resolved": "https://registry.npmjs.org/classnames/-/classnames-2.3.1.tgz",
      "integrity": "sha512-OlQdbZ7gLfGarSqxesMesDa5uz7KFbID8Kpq/SxIoNGDqY8lSYs0D+hhtBXhcdB3rcbXArFr7vlHheLk1voeNA=="
    },
    "commander": {
      "version": "0.3.2",
      "resolved": "https://registry.npmjs.org/commander/-/commander-0.3.2.tgz",
      "integrity": "sha1-ipimtZDSq6sEiSc52o+Fd9qWSWE="
    },
    "events": {
      "version": "1.1.1",
      "resolved": "https://registry.npmjs.org/events/-/events-1.1.1.tgz",
      "integrity": "sha1-nr23Y1rQmccNzEwqH1AEKI6L2SQ="
    },
    "function-bind": {
      "version": "1.1.1",
      "resolved": "https://registry.npmjs.org/function-bind/-/function-bind-1.1.1.tgz",
      "integrity": "sha512-yIovAzMX49sF8Yl58fSCWJ5svSLuaibPxXQJFLmBObTuCr0Mf1KiPopGM9NiFjiYBCbfaa2Fh6breQ6ANVTI0A=="
    },
    "get-intrinsic": {
      "version": "1.1.1",
      "resolved": "https://registry.npmjs.org/get-intrinsic/-/get-intrinsic-1.1.1.tgz",
      "integrity": "sha512-kWZrnVM42QCiEA2Ig1bG8zjoIMOgxWwYCEeNdwY6Tv/cOSeGpcoX4pXHfKUxNKVoArnrEr2e9srnAxxGIraS9Q==",
      "requires": {
        "function-bind": "^1.1.1",
        "has": "^1.0.3",
        "has-symbols": "^1.0.1"
      }
    },
    "has": {
      "version": "1.0.3",
      "resolved": "https://registry.npmjs.org/has/-/has-1.0.3.tgz",
      "integrity": "sha512-f2dvO0VU6Oej7RkWJGrehjbzMAjFp5/VKPp5tTpWIV4JHHZK1/BxbFRtf/siA2SWTe09caDmVtYYzWEIbBS4zw==",
      "requires": {
        "function-bind": "^1.1.1"
      }
    },
    "has-symbols": {
      "version": "1.0.2",
      "resolved": "https://registry.npmjs.org/has-symbols/-/has-symbols-1.0.2.tgz",
      "integrity": "sha512-chXa79rL/UC2KlX17jo3vRGz0azaWEx5tGqZg5pO3NUyEJVB17dMruQlzCCOfUvElghKcm5194+BCRvi2Rv/Gw=="
    },
    "hogan.js": {
      "version": "3.0.2",
      "resolved": "https://registry.npmjs.org/hogan.js/-/hogan.js-3.0.2.tgz",
      "integrity": "sha1-TNnhq9QpQUbnZ55B14mHMrAse/0=",
      "requires": {
        "mkdirp": "0.3.0",
        "nopt": "1.0.10"
      }
    },
    "instantsearch.js": {
      "version": "4.21.0",
      "resolved": "https://registry.npmjs.org/instantsearch.js/-/instantsearch.js-4.21.0.tgz",
      "integrity": "sha512-SgA7wRyicP8Uwdomp0dNQY9rWIjRSuTfyPgQ6GjRuYT7k8pfC7scHpC9CSfsTi6d0FTV18Psk+citFDRhXlffg==",
      "requires": {
        "@types/googlemaps": "^3.39.6",
        "algoliasearch-helper": "^3.4.4",
        "classnames": "^2.2.5",
        "events": "^1.1.0",
        "hogan.js": "^3.0.2",
        "preact": "^10.0.0",
        "prop-types": "^15.5.10",
        "qs": "^6.5.1"
      }
    },
    "js-tokens": {
      "version": "4.0.0",
      "resolved": "https://registry.npmjs.org/js-tokens/-/js-tokens-4.0.0.tgz",
      "integrity": "sha512-RdJUflcE3cUzKiMqQgsCu06FPu9UdIJO0beYbPhHN4k6apgJtifcoCtT9bcxOpYBtpD2kCM6Sbzg4CausW/PKQ=="
    },
    "loose-envify": {
      "version": "1.4.0",
      "resolved": "https://registry.npmjs.org/loose-envify/-/loose-envify-1.4.0.tgz",
      "integrity": "sha512-lyuxPGr/Wfhrlem2CL/UcnUc1zcqKAImBDzukY7Y5F/yQiNdko6+fRLevlw1HgMySw7f611UIY408EtxRSoK3Q==",
      "requires": {
        "js-tokens": "^3.0.0 || ^4.0.0"
      }
    },
    "mkdirp": {
      "version": "0.3.0",
      "resolved": "https://registry.npmjs.org/mkdirp/-/mkdirp-0.3.0.tgz",
      "integrity": "sha1-G79asbqCevI1dRQ0kEJkVfSB/h4="
    },
    "nopt": {
      "version": "1.0.10",
      "resolved": "https://registry.npmjs.org/nopt/-/nopt-1.0.10.tgz",
      "integrity": "sha1-bd0hvSoxQXuScn3Vhfim83YI6+4=",
      "requires": {
        "abbrev": "1"
      }
    },
    "object-assign": {
      "version": "4.1.1",
      "resolved": "https://registry.npmjs.org/object-assign/-/object-assign-4.1.1.tgz",
      "integrity": "sha1-IQmtx5ZYh8/AXLvUQsrIv7s2CGM="
    },
    "object-inspect": {
      "version": "1.10.2",
      "resolved": "https://registry.npmjs.org/object-inspect/-/object-inspect-1.10.2.tgz",
      "integrity": "sha512-gz58rdPpadwztRrPjZE9DZLOABUpTGdcANUgOwBFO1C+HZZhePoP83M65WGDmbpwFYJSWqavbl4SgDn4k8RYTA=="
    },
    "preact": {
      "version": "10.5.13",
      "resolved": "https://registry.npmjs.org/preact/-/preact-10.5.13.tgz",
      "integrity": "sha512-q/vlKIGNwzTLu+jCcvywgGrt+H/1P/oIRSD6mV4ln3hmlC+Aa34C7yfPI4+5bzW8pONyVXYS7SvXosy2dKKtWQ=="
    },
    "prop-types": {
      "version": "15.7.2",
      "resolved": "https://registry.npmjs.org/prop-types/-/prop-types-15.7.2.tgz",
      "integrity": "sha512-8QQikdH7//R2vurIJSutZ1smHYTcLpRWEOlHnzcWHmBYrOGUysKwSsrC89BCiFj3CbrfJ/nXFdJepOVrY1GCHQ==",
      "requires": {
        "loose-envify": "^1.4.0",
        "object-assign": "^4.1.1",
        "react-is": "^16.8.1"
      }
    },
    "qs": {
      "version": "6.10.1",
      "resolved": "https://registry.npmjs.org/qs/-/qs-6.10.1.tgz",
      "integrity": "sha512-M528Hph6wsSVOBiYUnGf+K/7w0hNshs/duGsNXPUCLH5XAqjEtiPGwNONLV0tBH8NoGb0mvD5JubnUTrujKDTg==",
      "requires": {
        "side-channel": "^1.0.4"
      }
    },
    "react-is": {
      "version": "16.13.1",
      "resolved": "https://registry.npmjs.org/react-is/-/react-is-16.13.1.tgz",
      "integrity": "sha512-24e6ynE2H+OKt4kqsOvNd8kBpV65zoxbA4BVsEOB3ARVWQki/DHzaUoC5KuON/BiccDaCCTZBuOcfZs70kR8bQ=="
    },
    "search": {
      "version": "1.0.0",
      "resolved": "https://registry.npmjs.org/search/-/search-1.0.0.tgz",
      "integrity": "sha1-Lc9escTvRpkRa5QibCwYJerwn0E=",
      "requires": {
        "commander": "0.3.2"
      }
    },
    "side-channel": {
      "version": "1.0.4",
      "resolved": "https://registry.npmjs.org/side-channel/-/side-channel-1.0.4.tgz",
      "integrity": "sha512-q5XPytqFEIKHkGdiMIrY10mvLRvnQh42/+GoBlFW3b2LXLE2xxJpZFdm94we0BaoV3RwJyGqg5wS7epxTv0Zvw==",
      "requires": {
        "call-bind": "^1.0.0",
        "get-intrinsic": "^1.0.2",
        "object-inspect": "^1.9.0"
      }
    }
  }
}
